// !$*UTF8*$!
{
	archiveVersion = 1;
	classes = {
	};
	objectVersion = 50;
	objects = {

/* Begin PBXBuildFile section */
		B1BC3B6823BF34F5008B378D /* AppDelegate.swift in Sources */ = {isa = PBXBuildFile; fileRef = B1BC3B6723BF34F5008B378D /* AppDelegate.swift */; };
		B1BC3B6A23BF34F5008B378D /* SceneDelegate.swift in Sources */ = {isa = PBXBuildFile; fileRef = B1BC3B6923BF34F5008B378D /* SceneDelegate.swift */; };
		B1BC3B6C23BF34F5008B378D /* ViewController.swift in Sources */ = {isa = PBXBuildFile; fileRef = B1BC3B6B23BF34F5008B378D /* ViewController.swift */; };
		B1BC3B6F23BF34F5008B378D /* Main.storyboard in Resources */ = {isa = PBXBuildFile; fileRef = B1BC3B6D23BF34F5008B378D /* Main.storyboard */; };
		B1BC3B7223BF34F5008B378D /* LoginComponent.xcdatamodeld in Sources */ = {isa = PBXBuildFile; fileRef = B1BC3B7023BF34F5008B378D /* LoginComponent.xcdatamodeld */; };
		B1BC3B7423BF34F6008B378D /* Assets.xcassets in Resources */ = {isa = PBXBuildFile; fileRef = B1BC3B7323BF34F6008B378D /* Assets.xcassets */; };
		B1BC3B7723BF34F6008B378D /* LaunchScreen.storyboard in Resources */ = {isa = PBXBuildFile; fileRef = B1BC3B7523BF34F6008B378D /* LaunchScreen.storyboard */; };
/* End PBXBuildFile section */

/* Begin PBXFileReference section */
		B1BC3B6423BF34F5008B378D /* LoginComponent.app */ = {isa = PBXFileReference; explicitFileType = wrapper.application; includeInIndex = 0; path = LoginComponent.app; sourceTree = BUILT_PRODUCTS_DIR; };
		B1BC3B6723BF34F5008B378D /* AppDelegate.swift */ = {isa = PBXFileReference; lastKnownFileType = sourcecode.swift; path = AppDelegate.swift; sourceTree = "<group>"; };
		B1BC3B6923BF34F5008B378D /* SceneDelegate.swift */ = {isa = PBXFileReference; lastKnownFileType = sourcecode.swift; path = SceneDelegate.swift; sourceTree = "<group>"; };
		B1BC3B6B23BF34F5008B378D /* ViewController.swift */ = {isa = PBXFileReference; lastKnownFileType = sourcecode.swift; path = ViewController.swift; sourceTree = "<group>"; };
		B1BC3B6E23BF34F5008B378D /* Base */ = {isa = PBXFileReference; lastKnownFileType = file.storyboard; name = Base; path = Base.lproj/Main.storyboard; sourceTree = "<group>"; };
		B1BC3B7123BF34F5008B378D /* LoginComponent.xcdatamodel */ = {isa = PBXFileReference; lastKnownFileType = wrapper.xcdatamodel; path = LoginComponent.xcdatamodel; sourceTree = "<group>"; };
		B1BC3B7323BF34F6008B378D /* Assets.xcassets */ = {isa = PBXFileReference; lastKnownFileType = folder.assetcatalog; path = Assets.xcassets; sourceTree = "<group>"; };
		B1BC3B7623BF34F6008B378D /* Base */ = {isa = PBXFileReference; lastKnownFileType = file.storyboard; name = Base; path = Base.lproj/LaunchScreen.storyboard; sourceTree = "<group>"; };
		B1BC3B7823BF34F6008B378D /* Info.plist */ = {isa = PBXFileReference; lastKnownFileType = text.plist.xml; path = Info.plist; sourceTree = "<group>"; };
/* End PBXFileReference section */

/* Begin PBXFrameworksBuildPhase section */
		B1BC3B6123BF34F5008B378D /* Frameworks */ = {
			isa = PBXFrameworksBuildPhase;
			buildActionMask = 2147483647;
			files = (
			);
			runOnlyForDeploymentPostprocessing = 0;
		};
/* End PBXFrameworksBuildPhase section */

/* Begin PBXGroup section */
		B1BC3B5B23BF34F5008B378D = {
			isa = PBXGroup;
			children = (
				B1BC3B6623BF34F5008B378D /* LoginComponent */,
				B1BC3B6523BF34F5008B378D /* Products */,
			);
			sourceTree = "<group>";
		};
		B1BC3B6523BF34F5008B378D /* Products */ = {
			isa = PBXGroup;
			children = (
				B1BC3B6423BF34F5008B378D /* LoginComponent.app */,
			);
			name = Products;
			sourceTree = "<group>";
		};
		B1BC3B6623BF34F5008B378D /* LoginComponent */ = {
			isa = PBXGroup;
			children = (
				B1BC3B6723BF34F5008B378D /* AppDelegate.swift */,
				B1BC3B6923BF34F5008B378D /* SceneDelegate.swift */,
				B1BC3B6B23BF34F5008B378D /* ViewController.swift */,
				B1BC3B6D23BF34F5008B378D /* Main.storyboard */,
				B1BC3B7323BF34F6008B378D /* Assets.xcassets */,
				B1BC3B7523BF34F6008B378D /* LaunchScreen.storyboard */,
				B1BC3B7823BF34F6008B378D /* Info.plist */,
				B1BC3B7023BF34F5008B378D /* LoginComponent.xcdatamodeld */,
			);
			path = LoginComponent;
			sourceTree = "<group>";
		};
/* End PBXGroup section */

/* Begin PBXNativeTarget section */
		B1BC3B6323BF34F5008B378D /* LoginComponent */ = {
			isa = PBXNativeTarget;
			buildConfigurationList = B1BC3B7B23BF34F6008B378D /* Build configuration list for PBXNativeTarget "LoginComponent" */;
			buildPhases = (
				B1BC3B6023BF34F5008B378D /* Sources */,
				B1BC3B6123BF34F5008B378D /* Frameworks */,
				B1BC3B6223BF34F5008B378D /* Resources */,
			);
			buildRules = (
			);
			dependencies = (
			);
			name = LoginComponent;
			productName = LoginComponent;
			productReference = B1BC3B6423BF34F5008B378D /* LoginComponent.app */;
			productType = "com.apple.product-type.application";
		};
/* End PBXNativeTarget section */

/* Begin PBXProject section */
		B1BC3B5C23BF34F5008B378D /* Project object */ = {
			isa = PBXProject;
			attributes = {
				LastSwiftUpdateCheck = 1130;
				LastUpgradeCheck = 1130;
				ORGANIZATIONNAME = "JeongTae Park";
				TargetAttributes = {
					B1BC3B6323BF34F5008B378D = {
						CreatedOnToolsVersion = 11.3;
					};
				};
			};
			buildConfigurationList = B1BC3B5F23BF34F5008B378D /* Build configuration list for PBXProject "LoginComponent" */;
			compatibilityVersion = "Xcode 9.3";
			developmentRegion = en;
			hasScannedForEncodings = 0;
			knownRegions = (
				en,
				Base,
			);
			mainGroup = B1BC3B5B23BF34F5008B378D;
			productRefGroup = B1BC3B6523BF34F5008B378D /* Products */;
			projectDirPath = "";
			projectRoot = "";
			targets = (
				B1BC3B6323BF34F5008B378D /* LoginComponent */,
			);
		};
/* End PBXProject section */

/* Begin PBXResourcesBuildPhase section */
		B1BC3B6223BF34F5008B378D /* Resources */ = {
			isa = PBXResourcesBuildPhase;
			buildActionMask = 2147483647;
			files = (
				B1BC3B7723BF34F6008B378D /* LaunchScreen.storyboard in Resources */,
				B1BC3B7423BF34F6008B378D /* Assets.xcassets in Resources */,
				B1BC3B6F23BF34F5008B378D /* Main.storyboard in Resources */,
			);
			runOnlyForDeploymentPostprocessing = 0;
		};
/* End PBXResourcesBuildPhase section */

/* Begin PBXSourcesBuildPhase section */
		B1BC3B6023BF34F5008B378D /* Sources */ = {
			isa = PBXSourcesBuildPhase;
			buildActionMask = 2147483647;
			files = (
				B1BC3B6C23BF34F5008B378D /* ViewController.swift in Sources */,
				B1BC3B6823BF34F5008B378D /* AppDelegate.swift in Sources */,
				B1BC3B6A23BF34F5008B378D /* SceneDelegate.swift in Sources */,
				B1BC3B7223BF34F5008B378D /* LoginComponent.xcdatamodeld in Sources */,
			);
			runOnlyForDeploymentPostprocessing = 0;
		};
/* End PBXSourcesBuildPhase section */

/* Begin PBXVariantGroup section */
		B1BC3B6D23BF34F5008B378D /* Main.storyboard */ = {
			isa = PBXVariantGroup;
			children = (
				B1BC3B6E23BF34F5008B378D /* Base */,
			);
			name = Main.storyboard;
			sourceTree = "<group>";
		};
		B1BC3B7523BF34F6008B378D /* LaunchScreen.storyboard */ = {
			isa = PBXVariantGroup;
			children = (
				B1BC3B7623BF34F6008B378D /* Base */,
			);
			name = LaunchScreen.storyboard;
			sourceTree = "<group>";
		};
/* End PBXVariantGroup section */

/* Begin XCBuildConfiguration section */
		B1BC3B7923BF34F6008B378D /* Debug */ = {
			isa = XCBuildConfiguration;
			buildSettings = {
				ALWAYS_SEARCH_USER_PATHS = NO;
				CLANG_ANALYZER_NONNULL = YES;
				CLANG_ANALYZER_NUMBER_OBJECT_CONVERSION = YES_AGGRESSIVE;
				CLANG_CXX_LANGUAGE_STANDARD = "gnu++14";
				CLANG_CXX_LIBRARY = "libc++";
				CLANG_ENABLE_MODULES = YES;
				CLANG_ENABLE_OBJC_ARC = YES;
				CLANG_ENABLE_OBJC_WEAK = YES;
				CLANG_WARN_BLOCK_CAPTURE_AUTORELEASING = YES;
				CLANG_WARN_BOOL_CONVERSION = YES;
				CLANG_WARN_COMMA = YES;
				CLANG_WARN_CONSTANT_CONVERSION = YES;
				CLANG_WARN_DEPRECATED_OBJC_IMPLEMENTATIONS = YES;
				CLANG_WARN_DIRECT_OBJC_ISA_USAGE = YES_ERROR;
				CLANG_WARN_DOCUMENTATION_COMMENTS = YES;
				CLANG_WARN_EMPTY_BODY = YES;
				CLANG_WARN_ENUM_CONVERSION = YES;
				CLANG_WARN_INFINITE_RECURSION = YES;
				CLANG_WARN_INT_CONVERSION = YES;
				CLANG_WARN_NON_LITERAL_NULL_CONVERSION = YES;
				CLANG_WARN_OBJC_IMPLICIT_RETAIN_SELF = YES;
				CLANG_WARN_OBJC_LITERAL_CONVERSION = YES;
				CLANG_WARN_OBJC_ROOT_CLASS = YES_ERROR;
				CLANG_WARN_RANGE_LOOP_ANALYSIS = YES;
				CLANG_WARN_STRICT_PROTOTYPES = YES;
				CLANG_WARN_SUSPICIOUS_MOVE = YES;
				CLANG_WARN_UNGUARDED_AVAILABILITY = YES_AGGRESSIVE;
				CLANG_WARN_UNREACHABLE_CODE = YES;
				CLANG_WARN__DUPLICATE_METHOD_MATCH = YES;
				COPY_PHASE_STRIP = NO;
				DEBUG_INFORMATION_FORMAT = dwarf;
				ENABLE_STRICT_OBJC_MSGSEND = YES;
				ENABLE_TESTABILITY = YES;
				GCC_C_LANGUAGE_STANDARD = gnu11;
				GCC_DYNAMIC_NO_PIC = NO;
				GCC_NO_COMMON_BLOCKS = YES;
				GCC_OPTIMIZATION_LEVEL = 0;
				GCC_PREPROCESSOR_DEFINITIONS = (
					"DEBUG=1",
					"$(inherited)",
				);
				GCC_WARN_64_TO_32_BIT_CONVERSION = YES;
				GCC_WARN_ABOUT_RETURN_TYPE = YES_ERROR;
				GCC_WARN_UNDECLARED_SELECTOR = YES;
				GCC_WARN_UNINITIALIZED_AUTOS = YES_AGGRESSIVE;
				GCC_WARN_UNUSED_FUNCTION = YES;
				GCC_WARN_UNUSED_VARIABLE = YES;
				IPHONEOS_DEPLOYMENT_TARGET = 13.2;
				MTL_ENABLE_DEBUG_INFO = INCLUDE_SOURCE;
				MTL_FAST_MATH = YES;
				ONLY_ACTIVE_ARCH = YES;
				SDKROOT = iphoneos;
				SWIFT_ACTIVE_COMPILATION_CONDITIONS = DEBUG;
				SWIFT_OPTIMIZATION_LEVEL = "-Onone";
			};
			name = Debug;
		};
		B1BC3B7A23BF34F6008B378D /* Release */ = {
			isa = XCBuildConfiguration;
			buildSettings = {
				ALWAYS_SEARCH_USER_PATHS = NO;
				CLANG_ANALYZER_NONNULL = YES;
				CLANG_ANALYZER_NUMBER_OBJECT_CONVERSION = YES_AGGRESSIVE;
				CLANG_CXX_LANGUAGE_STANDARD = "gnu++14";
				CLANG_CXX_LIBRARY = "libc++";
				CLANG_ENABLE_MODULES = YES;
				CLANG_ENABLE_OBJC_ARC = YES;
				CLANG_ENABLE_OBJC_WEAK = YES;
				CLANG_WARN_BLOCK_CAPTURE_AUTORELEASING = YES;
				CLANG_WARN_BOOL_CONVERSION = YES;
				CLANG_WARN_COMMA = YES;
				CLANG_WARN_CONSTANT_CONVERSION = YES;
				CLANG_WARN_DEPRECATED_OBJC_IMPLEMENTATIONS = YES;
				CLANG_WARN_DIRECT_OBJC_ISA_USAGE = YES_ERROR;
				CLANG_WARN_DOCUMENTATION_COMMENTS = YES;
				CLANG_WARN_EMPTY_BODY = YES;
				CLANG_WARN_ENUM_CONVERSION = YES;
				CLANG_WARN_INFINITE_RECURSION = YES;
				CLANG_WARN_INT_CONVERSION = YES;
				CLANG_WARN_NON_LITERAL_NULL_CONVERSION = YES;
				CLANG_WARN_OBJC_IMPLICIT_RETAIN_SELF = YES;
				CLANG_WARN_OBJC_LITERAL_CONVERSION = YES;
				CLANG_WARN_OBJC_ROOT_CLASS = YES_ERROR;
				CLANG_WARN_RANGE_LOOP_ANALYSIS = YES;
				CLANG_WARN_STRICT_PROTOTYPES = YES;
				CLANG_WARN_SUSPICIOUS_MOVE = YES;
				CLANG_WARN_UNGUARDED_AVAILABILITY = YES_AGGRESSIVE;
				CLANG_WARN_UNREACHABLE_CODE = YES;
				CLANG_WARN__DUPLICATE_METHOD_MATCH = YES;
				COPY_PHASE_STRIP = NO;
				DEBUG_INFORMATION_FORMAT = "dwarf-with-dsym";
				ENABLE_NS_ASSERTIONS = NO;
				ENABLE_STRICT_OBJC_MSGSEND = YES;
				GCC_C_LANGUAGE_STANDARD = gnu11;
				GCC_NO_COMMON_BLOCKS = YES;
				GCC_WARN_64_TO_32_BIT_CONVERSION = YES;
				GCC_WARN_ABOUT_RETURN_TYPE = YES_ERROR;
				GCC_WARN_UNDECLARED_SELECTOR = YES;
				GCC_WARN_UNINITIALIZED_AUTOS = YES_AGGRESSIVE;
				GCC_WARN_UNUSED_FUNCTION = YES;
				GCC_WARN_UNUSED_VARIABLE = YES;
				IPHONEOS_DEPLOYMENT_TARGET = 13.2;
				MTL_ENABLE_DEBUG_INFO = NO;
				MTL_FAST_MATH = YES;
				SDKROOT = iphoneos;
				SWIFT_COMPILATION_MODE = wholemodule;
				SWIFT_OPTIMIZATION_LEVEL = "-O";
				VALIDATE_PRODUCT = YES;
			};
			name = Release;
		};
		B1BC3B7C23BF34F6008B378D /* Debug */ = {
			isa = XCBuildConfiguration;
			buildSettings = {
				ASSETCATALOG_COMPILER_APPICON_NAME = AppIcon;
				CODE_SIGN_STYLE = Automatic;
				DEVELOPMENT_TEAM = GH2H4CMXK8;
				INFOPLIST_FILE = LoginComponent/Info.plist;
				IPHONEOS_DEPLOYMENT_TARGET = 10.0;
				LD_RUNPATH_SEARCH_PATHS = (
					"$(inherited)",
					"@executable_path/Frameworks",
				);
				PRODUCT_BUNDLE_IDENTIFIER = "com.-TabTest.LoginComponent";
				PRODUCT_NAME = "$(TARGET_NAME)";
				SWIFT_VERSION = 5.0;
				TARGETED_DEVICE_FAMILY = "1,2";
			};
			name = Debug;
		};
		B1BC3B7D23BF34F6008B378D /* Release */ = {
			isa = XCBuildConfiguration;
			buildSettings = {
				ASSETCATALOG_COMPILER_APPICON_NAME = AppIcon;
				CODE_SIGN_STYLE = Automatic;
				DEVELOPMENT_TEAM = GH2H4CMXK8;
				INFOPLIST_FILE = LoginComponent/Info.plist;
				IPHONEOS_DEPLOYMENT_TARGET = 10.0;
				LD_RUNPATH_SEARCH_PATHS = (
					"$(inherited)",
					"@executable_path/Frameworks",
				);
				PRODUCT_BUNDLE_IDENTIFIER = "com.-TabTest.LoginComponent";
				PRODUCT_NAME = "$(TARGET_NAME)";
				SWIFT_VERSION = 5.0;
				TARGETED_DEVICE_FAMILY = "1,2";
			};
			name = Release;
		};
/* End XCBuildConfiguration section */

/* Begin XCConfigurationList section */
		B1BC3B5F23BF34F5008B378D /* Build configuration list for PBXProject "LoginComponent" */ = {
			isa = XCConfigurationList;
			buildConfigurations = (
				B1BC3B7923BF34F6008B378D /* Debug */,
				B1BC3B7A23BF34F6008B378D /* Release */,
			);
			defaultConfigurationIsVisible = 0;
			defaultConfigurationName = Release;
		};
		B1BC3B7B23BF34F6008B378D /* Build configuration list for PBXNativeTarget "LoginComponent" */ = {
			isa = XCConfigurationList;
			buildConfigurations = (
				B1BC3B7C23BF34F6008B378D /* Debug */,
				B1BC3B7D23BF34F6008B378D /* Release */,
			);
			defaultConfigurationIsVisible = 0;
			defaultConfigurationName = Release;
		};
/* End XCConfigurationList section */

/* Begin XCVersionGroup section */
		B1BC3B7023BF34F5008B378D /* LoginComponent.xcdatamodeld */ = {
			isa = XCVersionGroup;
			children = (
				B1BC3B7123BF34F5008B378D /* LoginComponent.xcdatamodel */,
			);
			currentVersion = B1BC3B7123BF34F5008B378D /* LoginComponent.xcdatamodel */;
			path = LoginComponent.xcdatamodeld;
			sourceTree = "<group>";
			versionGroupType = wrapper.xcdatamodel;
		};
/* End XCVersionGroup section */
	};
	rootObject = B1BC3B5C23BF34F5008B378D /* Project object */;
}
